
Microsoft Visual Studio Solution File, Format Version 12.00
Project("{FAE04EC0-301F-11D3-BF4B-00C04F79EFBC}") = "Music.Backend", "Music.Backend\Music.Backend.csproj", "{74887260-4249-429D-87BE-7BD7AD6CF95A}"
EndProject
Project("{FAE04EC0-301F-11D3-BF4B-00C04F79EFBC}") = "Music.Database", "Music.Database\Music.Database.csproj", "{2D1EE469-3261-4380-B08C-F915B8A93E52}"
EndProject
Project("{2150E333-8FDC-42A3-9474-1A3956D46DE8}") = "Pendevx.Music.Commands", "Pendevx.Music.Commands", "{3FD9EAFE-0816-44AE-9A49-126FF1451DC4}"
EndProject
Project("{FAE04EC0-301F-11D3-BF4B-00C04F79EFBC}") = "Music.CommandHandlers.Contracts", "Music.CommandHandlers.Contracts\Music.CommandHandlers.Contracts.csproj", "{21F5FC71-1967-4B5A-8BE7-6AFE56CBAFC8}"
EndProject
Project("{FAE04EC0-301F-11D3-BF4B-00C04F79EFBC}") = "Music.Commands", "Music.Commands\Music.Commands.csproj", "{B9F8CDC2-A1EC-4A5F-A83F-C02DD05B936C}"
EndProject
Project("{2150E333-8FDC-42A3-9474-1A3956D46DE8}") = "Pendevx.Music.Queries", "Pendevx.Music.Queries", "{31193FEE-554C-4A30-B1A1-497F4A80A53C}"
EndProject
Project("{FAE04EC0-301F-11D3-BF4B-00C04F79EFBC}") = "Music.QueryHandlers.Contracts", "Music.QueryHandlers.Contracts\Music.QueryHandlers.Contracts.csproj", "{47123D1A-8419-41F1-98A7-CDB05AC5CCA0}"
EndProject
Project("{FAE04EC0-301F-11D3-BF4B-00C04F79EFBC}") = "Music.CommandHandlers", "Music.CommandHandlers\Music.CommandHandlers.csproj", "{F99BE50B-2324-4476-BF7B-6F38B7887396}"
EndProject
Project("{FAE04EC0-301F-11D3-BF4B-00C04F79EFBC}") = "Music.QueryHandlers", "Music.QueryHandlers\Music.QueryHandlers.csproj", "{992D56E1-2645-44A5-96FE-7CD4817A8BBF}"
EndProject
Project("{FAE04EC0-301F-11D3-BF4B-00C04F79EFBC}") = "Music.Queries", "Music.Queries\Music.Queries.csproj", "{F13E1BDD-B18C-4916-9F69-89AF158F9F71}"
EndProject
Project("{2150E333-8FDC-42A3-9474-1A3956D46DE8}") = "Pendevx.Music.Repositories", "Pendevx.Music.Repositories", "{D5FB90DC-3618-4DDF-A0BB-C960F3C47666}"
	ProjectSection(SolutionItems) = preProject
		CodeTemplates\EFCore = CodeTemplates\EFCore
		CodeTemplates\EFCore\DbContext.t4 = CodeTemplates\EFCore\DbContext.t4
		CodeTemplates\EFCore\EntityType.t4 = CodeTemplates\EFCore\EntityType.t4
	EndProjectSection
EndProject
Project("{FAE04EC0-301F-11D3-BF4B-00C04F79EFBC}") = "Music.Repositories", "Music.Repositories\Music.Repositories.csproj", "{7EC02F27-BE7D-4654-8F4F-0E03B761D158}"
EndProject
Project("{FAE04EC0-301F-11D3-BF4B-00C04F79EFBC}") = "Music.Repositories.Contracts", "Music.Repositories.Contracts\Music.Repositories.Contracts.csproj", "{141116C6-E96D-4DF5-8756-D3FE791C9314}"
EndProject
Project("{2150E333-8FDC-42A3-9474-1A3956D46DE8}") = "Pendevx.Music.Models", "Pendevx.Music.Models", "{56A405E3-A187-41C8-94F0-14D0FA16E5F2}"
EndProject
Project("{FAE04EC0-301F-11D3-BF4B-00C04F79EFBC}") = "Music.Database.Entities", "Music.Database.Entities\Music.Database.Entities.csproj", "{3E49BEE3-EE6F-4B01-8B4A-B2905D3A338D}"
EndProject
Project("{FAE04EC0-301F-11D3-BF4B-00C04F79EFBC}") = "Music.EF.DatabaseContexts", "Music.EF.DatabaseContexts\Music.EF.DatabaseContexts.csproj", "{A14EDA9A-F8A0-43FF-9082-E638B10CDE3C}"
EndProject
Global
	GlobalSection(SolutionConfigurationPlatforms) = preSolution
		Debug|Any CPU = Debug|Any CPU
		Release|Any CPU = Release|Any CPU
	EndGlobalSection
	GlobalSection(ProjectConfigurationPlatforms) = postSolution
		{74887260-4249-429D-87BE-7BD7AD6CF95A}.Debug|Any CPU.ActiveCfg = Debug|Any CPU
		{74887260-4249-429D-87BE-7BD7AD6CF95A}.Debug|Any CPU.Build.0 = Debug|Any CPU
		{74887260-4249-429D-87BE-7BD7AD6CF95A}.Release|Any CPU.ActiveCfg = Release|Any CPU
		{74887260-4249-429D-87BE-7BD7AD6CF95A}.Release|Any CPU.Build.0 = Release|Any CPU
		{2D1EE469-3261-4380-B08C-F915B8A93E52}.Debug|Any CPU.ActiveCfg = Debug|Any CPU
		{2D1EE469-3261-4380-B08C-F915B8A93E52}.Debug|Any CPU.Build.0 = Debug|Any CPU
		{2D1EE469-3261-4380-B08C-F915B8A93E52}.Release|Any CPU.ActiveCfg = Release|Any CPU
		{2D1EE469-3261-4380-B08C-F915B8A93E52}.Release|Any CPU.Build.0 = Release|Any CPU
		{21F5FC71-1967-4B5A-8BE7-6AFE56CBAFC8}.Debug|Any CPU.ActiveCfg = Debug|Any CPU
		{21F5FC71-1967-4B5A-8BE7-6AFE56CBAFC8}.Debug|Any CPU.Build.0 = Debug|Any CPU
		{21F5FC71-1967-4B5A-8BE7-6AFE56CBAFC8}.Release|Any CPU.ActiveCfg = Release|Any CPU
		{21F5FC71-1967-4B5A-8BE7-6AFE56CBAFC8}.Release|Any CPU.Build.0 = Release|Any CPU
		{B9F8CDC2-A1EC-4A5F-A83F-C02DD05B936C}.Debug|Any CPU.ActiveCfg = Debug|Any CPU
		{B9F8CDC2-A1EC-4A5F-A83F-C02DD05B936C}.Debug|Any CPU.Build.0 = Debug|Any CPU
		{B9F8CDC2-A1EC-4A5F-A83F-C02DD05B936C}.Release|Any CPU.ActiveCfg = Release|Any CPU
		{B9F8CDC2-A1EC-4A5F-A83F-C02DD05B936C}.Release|Any CPU.Build.0 = Release|Any CPU
		{47123D1A-8419-41F1-98A7-CDB05AC5CCA0}.Debug|Any CPU.ActiveCfg = Debug|Any CPU
		{47123D1A-8419-41F1-98A7-CDB05AC5CCA0}.Debug|Any CPU.Build.0 = Debug|Any CPU
		{47123D1A-8419-41F1-98A7-CDB05AC5CCA0}.Release|Any CPU.ActiveCfg = Release|Any CPU
		{47123D1A-8419-41F1-98A7-CDB05AC5CCA0}.Release|Any CPU.Build.0 = Release|Any CPU
		{F99BE50B-2324-4476-BF7B-6F38B7887396}.Debug|Any CPU.ActiveCfg = Debug|Any CPU
		{F99BE50B-2324-4476-BF7B-6F38B7887396}.Debug|Any CPU.Build.0 = Debug|Any CPU
		{F99BE50B-2324-4476-BF7B-6F38B7887396}.Release|Any CPU.ActiveCfg = Release|Any CPU
		{F99BE50B-2324-4476-BF7B-6F38B7887396}.Release|Any CPU.Build.0 = Release|Any CPU
		{992D56E1-2645-44A5-96FE-7CD4817A8BBF}.Debug|Any CPU.ActiveCfg = Debug|Any CPU
		{992D56E1-2645-44A5-96FE-7CD4817A8BBF}.Debug|Any CPU.Build.0 = Debug|Any CPU
		{992D56E1-2645-44A5-96FE-7CD4817A8BBF}.Release|Any CPU.ActiveCfg = Release|Any CPU
		{992D56E1-2645-44A5-96FE-7CD4817A8BBF}.Release|Any CPU.Build.0 = Release|Any CPU
		{F13E1BDD-B18C-4916-9F69-89AF158F9F71}.Debug|Any CPU.ActiveCfg = Debug|Any CPU
		{F13E1BDD-B18C-4916-9F69-89AF158F9F71}.Debug|Any CPU.Build.0 = Debug|Any CPU
		{F13E1BDD-B18C-4916-9F69-89AF158F9F71}.Release|Any CPU.ActiveCfg = Release|Any CPU
		{F13E1BDD-B18C-4916-9F69-89AF158F9F71}.Release|Any CPU.Build.0 = Release|Any CPU
		{7EC02F27-BE7D-4654-8F4F-0E03B761D158}.Debug|Any CPU.ActiveCfg = Debug|Any CPU
		{7EC02F27-BE7D-4654-8F4F-0E03B761D158}.Debug|Any CPU.Build.0 = Debug|Any CPU
		{7EC02F27-BE7D-4654-8F4F-0E03B761D158}.Release|Any CPU.ActiveCfg = Release|Any CPU
		{7EC02F27-BE7D-4654-8F4F-0E03B761D158}.Release|Any CPU.Build.0 = Release|Any CPU
		{141116C6-E96D-4DF5-8756-D3FE791C9314}.Debug|Any CPU.ActiveCfg = Debug|Any CPU
		{141116C6-E96D-4DF5-8756-D3FE791C9314}.Debug|Any CPU.Build.0 = Debug|Any CPU
		{141116C6-E96D-4DF5-8756-D3FE791C9314}.Release|Any CPU.ActiveCfg = Release|Any CPU
		{141116C6-E96D-4DF5-8756-D3FE791C9314}.Release|Any CPU.Build.0 = Release|Any CPU
		{3E49BEE3-EE6F-4B01-8B4A-B2905D3A338D}.Debug|Any CPU.ActiveCfg = Debug|Any CPU
		{3E49BEE3-EE6F-4B01-8B4A-B2905D3A338D}.Debug|Any CPU.Build.0 = Debug|Any CPU
		{3E49BEE3-EE6F-4B01-8B4A-B2905D3A338D}.Release|Any CPU.ActiveCfg = Release|Any CPU
		{3E49BEE3-EE6F-4B01-8B4A-B2905D3A338D}.Release|Any CPU.Build.0 = Release|Any CPU
		{A14EDA9A-F8A0-43FF-9082-E638B10CDE3C}.Debug|Any CPU.ActiveCfg = Debug|Any CPU
		{A14EDA9A-F8A0-43FF-9082-E638B10CDE3C}.Debug|Any CPU.Build.0 = Debug|Any CPU
		{A14EDA9A-F8A0-43FF-9082-E638B10CDE3C}.Release|Any CPU.ActiveCfg = Release|Any CPU
		{A14EDA9A-F8A0-43FF-9082-E638B10CDE3C}.Release|Any CPU.Build.0 = Release|Any CPU
	EndGlobalSection
	GlobalSection(NestedProjects) = preSolution
		{21F5FC71-1967-4B5A-8BE7-6AFE56CBAFC8} = {3FD9EAFE-0816-44AE-9A49-126FF1451DC4}
		{B9F8CDC2-A1EC-4A5F-A83F-C02DD05B936C} = {3FD9EAFE-0816-44AE-9A49-126FF1451DC4}
		{47123D1A-8419-41F1-98A7-CDB05AC5CCA0} = {31193FEE-554C-4A30-B1A1-497F4A80A53C}
		{F99BE50B-2324-4476-BF7B-6F38B7887396} = {3FD9EAFE-0816-44AE-9A49-126FF1451DC4}
		{992D56E1-2645-44A5-96FE-7CD4817A8BBF} = {31193FEE-554C-4A30-B1A1-497F4A80A53C}
		{F13E1BDD-B18C-4916-9F69-89AF158F9F71} = {31193FEE-554C-4A30-B1A1-497F4A80A53C}
		{7EC02F27-BE7D-4654-8F4F-0E03B761D158} = {D5FB90DC-3618-4DDF-A0BB-C960F3C47666}
		{141116C6-E96D-4DF5-8756-D3FE791C9314} = {D5FB90DC-3618-4DDF-A0BB-C960F3C47666}
		{3E49BEE3-EE6F-4B01-8B4A-B2905D3A338D} = {56A405E3-A187-41C8-94F0-14D0FA16E5F2}
		{A14EDA9A-F8A0-43FF-9082-E638B10CDE3C} = {D5FB90DC-3618-4DDF-A0BB-C960F3C47666}
	EndGlobalSection
EndGlobal
