
Microsoft Visual Studio Solution File, Format Version 12.00
Project("{FAE04EC0-301F-11D3-BF4B-00C04F79EFBC}") = "Music.Backend", "Music.Backend\Music.Backend.csproj", "{74887260-4249-429D-87BE-7BD7AD6CF95A}"
EndProject
Project("{FAE04EC0-301F-11D3-BF4B-00C04F79EFBC}") = "Music.Database", "Music.Database\Music.Database.csproj", "{2D1EE469-3261-4380-B08C-F915B8A93E52}"
EndProject
Project("{2150E333-8FDC-42A3-9474-1A3956D46DE8}") = "Pendevx.Music.Commands", "Pendevx.Music.Commands", "{3FD9EAFE-0816-44AE-9A49-126FF1451DC4}"
EndProject
Project("{FAE04EC0-301F-11D3-BF4B-00C04F79EFBC}") = "Music.Commands", "Music.Commands\Music.Commands.csproj", "{B9F8CDC2-A1EC-4A5F-A83F-C02DD05B936C}"
EndProject
Project("{2150E333-8FDC-42A3-9474-1A3956D46DE8}") = "Pendevx.Music.Queries", "Pendevx.Music.Queries", "{31193FEE-554C-4A30-B1A1-497F4A80A53C}"
EndProject
Project("{FAE04EC0-301F-11D3-BF4B-00C04F79EFBC}") = "Music.CommandHandlers", "Music.CommandHandlers\Music.CommandHandlers.csproj", "{F99BE50B-2324-4476-BF7B-6F38B7887396}"
EndProject
Project("{FAE04EC0-301F-11D3-BF4B-00C04F79EFBC}") = "Music.QueryHandlers", "Music.QueryHandlers\Music.QueryHandlers.csproj", "{992D56E1-2645-44A5-96FE-7CD4817A8BBF}"
EndProject
Project("{FAE04EC0-301F-11D3-BF4B-00C04F79EFBC}") = "Music.Queries", "Music.Queries\Music.Queries.csproj", "{F13E1BDD-B18C-4916-9F69-89AF158F9F71}"
EndProject
Project("{2150E333-8FDC-42A3-9474-1A3956D46DE8}") = "Pendevx.Music.Repositories", "Pendevx.Music.Repositories", "{D5FB90DC-3618-4DDF-A0BB-C960F3C47666}"
EndProject
Project("{FAE04EC0-301F-11D3-BF4B-00C04F79EFBC}") = "Music.Repositories", "Music.Repositories\Music.Repositories.csproj", "{7EC02F27-BE7D-4654-8F4F-0E03B761D158}"
EndProject
Project("{FAE04EC0-301F-11D3-BF4B-00C04F79EFBC}") = "Music.Repositories.Contracts", "Music.Repositories.Contracts\Music.Repositories.Contracts.csproj", "{141116C6-E96D-4DF5-8756-D3FE791C9314}"
EndProject
Project("{FAE04EC0-301F-11D3-BF4B-00C04F79EFBC}") = "Music.Repository.EF", "Music.Repository.EF\Music.Repository.EF.csproj", "{FFAB2130-D0E8-49D4-BF1F-0E6145B4A483}"
EndProject
Project("{FAE04EC0-301F-11D3-BF4B-00C04F79EFBC}") = "Music.Global.Contracts", "Music.Global.Contracts\Music.Global.Contracts.csproj", "{DF95E815-D609-4AF1-9A28-BAED2E3126F5}"
EndProject
Global
	GlobalSection(SolutionConfigurationPlatforms) = preSolution
		Debug|Any CPU = Debug|Any CPU
		Release|Any CPU = Release|Any CPU
	EndGlobalSection
	GlobalSection(ProjectConfigurationPlatforms) = postSolution
		{74887260-4249-429D-87BE-7BD7AD6CF95A}.Debug|Any CPU.ActiveCfg = Debug|Any CPU
		{74887260-4249-429D-87BE-7BD7AD6CF95A}.Debug|Any CPU.Build.0 = Debug|Any CPU
		{74887260-4249-429D-87BE-7BD7AD6CF95A}.Release|Any CPU.ActiveCfg = Release|Any CPU
		{74887260-4249-429D-87BE-7BD7AD6CF95A}.Release|Any CPU.Build.0 = Release|Any CPU
		{2D1EE469-3261-4380-B08C-F915B8A93E52}.Debug|Any CPU.ActiveCfg = Debug|Any CPU
		{2D1EE469-3261-4380-B08C-F915B8A93E52}.Debug|Any CPU.Build.0 = Debug|Any CPU
		{2D1EE469-3261-4380-B08C-F915B8A93E52}.Release|Any CPU.ActiveCfg = Release|Any CPU
		{2D1EE469-3261-4380-B08C-F915B8A93E52}.Release|Any CPU.Build.0 = Release|Any CPU
		{B9F8CDC2-A1EC-4A5F-A83F-C02DD05B936C}.Debug|Any CPU.ActiveCfg = Debug|Any CPU
		{B9F8CDC2-A1EC-4A5F-A83F-C02DD05B936C}.Debug|Any CPU.Build.0 = Debug|Any CPU
		{B9F8CDC2-A1EC-4A5F-A83F-C02DD05B936C}.Release|Any CPU.ActiveCfg = Release|Any CPU
		{B9F8CDC2-A1EC-4A5F-A83F-C02DD05B936C}.Release|Any CPU.Build.0 = Release|Any CPU
		{F99BE50B-2324-4476-BF7B-6F38B7887396}.Debug|Any CPU.ActiveCfg = Debug|Any CPU
		{F99BE50B-2324-4476-BF7B-6F38B7887396}.Debug|Any CPU.Build.0 = Debug|Any CPU
		{F99BE50B-2324-4476-BF7B-6F38B7887396}.Release|Any CPU.ActiveCfg = Release|Any CPU
		{F99BE50B-2324-4476-BF7B-6F38B7887396}.Release|Any CPU.Build.0 = Release|Any CPU
		{992D56E1-2645-44A5-96FE-7CD4817A8BBF}.Debug|Any CPU.ActiveCfg = Debug|Any CPU
		{992D56E1-2645-44A5-96FE-7CD4817A8BBF}.Debug|Any CPU.Build.0 = Debug|Any CPU
		{992D56E1-2645-44A5-96FE-7CD4817A8BBF}.Release|Any CPU.ActiveCfg = Release|Any CPU
		{992D56E1-2645-44A5-96FE-7CD4817A8BBF}.Release|Any CPU.Build.0 = Release|Any CPU
		{F13E1BDD-B18C-4916-9F69-89AF158F9F71}.Debug|Any CPU.ActiveCfg = Debug|Any CPU
		{F13E1BDD-B18C-4916-9F69-89AF158F9F71}.Debug|Any CPU.Build.0 = Debug|Any CPU
		{F13E1BDD-B18C-4916-9F69-89AF158F9F71}.Release|Any CPU.ActiveCfg = Release|Any CPU
		{F13E1BDD-B18C-4916-9F69-89AF158F9F71}.Release|Any CPU.Build.0 = Release|Any CPU
		{7EC02F27-BE7D-4654-8F4F-0E03B761D158}.Debug|Any CPU.ActiveCfg = Debug|Any CPU
		{7EC02F27-BE7D-4654-8F4F-0E03B761D158}.Debug|Any CPU.Build.0 = Debug|Any CPU
		{7EC02F27-BE7D-4654-8F4F-0E03B761D158}.Release|Any CPU.ActiveCfg = Release|Any CPU
		{7EC02F27-BE7D-4654-8F4F-0E03B761D158}.Release|Any CPU.Build.0 = Release|Any CPU
		{141116C6-E96D-4DF5-8756-D3FE791C9314}.Debug|Any CPU.ActiveCfg = Debug|Any CPU
		{141116C6-E96D-4DF5-8756-D3FE791C9314}.Debug|Any CPU.Build.0 = Debug|Any CPU
		{141116C6-E96D-4DF5-8756-D3FE791C9314}.Release|Any CPU.ActiveCfg = Release|Any CPU
		{141116C6-E96D-4DF5-8756-D3FE791C9314}.Release|Any CPU.Build.0 = Release|Any CPU
		{FFAB2130-D0E8-49D4-BF1F-0E6145B4A483}.Debug|Any CPU.ActiveCfg = Debug|Any CPU
		{FFAB2130-D0E8-49D4-BF1F-0E6145B4A483}.Debug|Any CPU.Build.0 = Debug|Any CPU
		{FFAB2130-D0E8-49D4-BF1F-0E6145B4A483}.Release|Any CPU.ActiveCfg = Release|Any CPU
		{FFAB2130-D0E8-49D4-BF1F-0E6145B4A483}.Release|Any CPU.Build.0 = Release|Any CPU
		{DF95E815-D609-4AF1-9A28-BAED2E3126F5}.Debug|Any CPU.ActiveCfg = Debug|Any CPU
		{DF95E815-D609-4AF1-9A28-BAED2E3126F5}.Debug|Any CPU.Build.0 = Debug|Any CPU
		{DF95E815-D609-4AF1-9A28-BAED2E3126F5}.Release|Any CPU.ActiveCfg = Release|Any CPU
		{DF95E815-D609-4AF1-9A28-BAED2E3126F5}.Release|Any CPU.Build.0 = Release|Any CPU
	EndGlobalSection
	GlobalSection(NestedProjects) = preSolution
		{B9F8CDC2-A1EC-4A5F-A83F-C02DD05B936C} = {3FD9EAFE-0816-44AE-9A49-126FF1451DC4}
		{F99BE50B-2324-4476-BF7B-6F38B7887396} = {3FD9EAFE-0816-44AE-9A49-126FF1451DC4}
		{992D56E1-2645-44A5-96FE-7CD4817A8BBF} = {31193FEE-554C-4A30-B1A1-497F4A80A53C}
		{F13E1BDD-B18C-4916-9F69-89AF158F9F71} = {31193FEE-554C-4A30-B1A1-497F4A80A53C}
		{7EC02F27-BE7D-4654-8F4F-0E03B761D158} = {D5FB90DC-3618-4DDF-A0BB-C960F3C47666}
		{141116C6-E96D-4DF5-8756-D3FE791C9314} = {D5FB90DC-3618-4DDF-A0BB-C960F3C47666}
		{FFAB2130-D0E8-49D4-BF1F-0E6145B4A483} = {D5FB90DC-3618-4DDF-A0BB-C960F3C47666}
	EndGlobalSection
EndGlobal
